
Microsoft Visual Studio Solution File, Format Version 12.00
# Visual Studio 2013
VisualStudioVersion = 12.0.31101.0
MinimumVisualStudioVersion = 10.0.40219.1
Project("{FAE04EC0-301F-11D3-BF4B-00C04F79EFBC}") = "StudentCatalogFresh", "StudentCatalogFresh\StudentCatalogFresh.csproj", "{89C5C34D-794A-4B72-86C5-8D1C3E65191A}"
EndProject
Project("{FAE04EC0-301F-11D3-BF4B-00C04F79EFBC}") = "StudentCatalogFresh.Tests", "StudentCatalogFresh.Tests\StudentCatalogFresh.Tests.csproj", "{DCBA8E52-8C6F-45F5-9DF5-E6F755D95FF2}"
EndProject
Global
	GlobalSection(SolutionConfigurationPlatforms) = preSolution
		Debug|Any CPU = Debug|Any CPU
		Release|Any CPU = Release|Any CPU
	EndGlobalSection
	GlobalSection(ProjectConfigurationPlatforms) = postSolution
		{89C5C34D-794A-4B72-86C5-8D1C3E65191A}.Debug|Any CPU.ActiveCfg = Debug|Any CPU
		{89C5C34D-794A-4B72-86C5-8D1C3E65191A}.Debug|Any CPU.Build.0 = Debug|Any CPU
		{89C5C34D-794A-4B72-86C5-8D1C3E65191A}.Release|Any CPU.ActiveCfg = Release|Any CPU
		{89C5C34D-794A-4B72-86C5-8D1C3E65191A}.Release|Any CPU.Build.0 = Release|Any CPU
		{DCBA8E52-8C6F-45F5-9DF5-E6F755D95FF2}.Debug|Any CPU.ActiveCfg = Debug|Any CPU
		{DCBA8E52-8C6F-45F5-9DF5-E6F755D95FF2}.Debug|Any CPU.Build.0 = Debug|Any CPU
		{DCBA8E52-8C6F-45F5-9DF5-E6F755D95FF2}.Release|Any CPU.ActiveCfg = Release|Any CPU
		{DCBA8E52-8C6F-45F5-9DF5-E6F755D95FF2}.Release|Any CPU.Build.0 = Release|Any CPU
	EndGlobalSection
	GlobalSection(SolutionProperties) = preSolution
		HideSolutionNode = FALSE
	EndGlobalSection
EndGlobal
